
Microsoft Visual Studio Solution File, Format Version 12.00
# Visual Studio Version 16
VisualStudioVersion = 16.0.31321.278
MinimumVisualStudioVersion = 10.0.40219.1
Project("{FAE04EC0-301F-11D3-BF4B-00C04F79EFBC}") = "AutenticacaoMVC", "AutenticacaoMVC.csproj", "{B3476186-983A-40C9-9AE2-563B283AA568}"
EndProject
Global
	GlobalSection(SolutionConfigurationPlatforms) = preSolution
		Debug|Any CPU = Debug|Any CPU
		Release|Any CPU = Release|Any CPU
	EndGlobalSection
	GlobalSection(ProjectConfigurationPlatforms) = postSolution
		{B3476186-983A-40C9-9AE2-563B283AA568}.Debug|Any CPU.ActiveCfg = Debug|Any CPU
		{B3476186-983A-40C9-9AE2-563B283AA568}.Debug|Any CPU.Build.0 = Debug|Any CPU
		{B3476186-983A-40C9-9AE2-563B283AA568}.Release|Any CPU.ActiveCfg = Release|Any CPU
		{B3476186-983A-40C9-9AE2-563B283AA568}.Release|Any CPU.Build.0 = Release|Any CPU
	EndGlobalSection
	GlobalSection(SolutionProperties) = preSolution
		HideSolutionNode = FALSE
	EndGlobalSection
	GlobalSection(ExtensibilityGlobals) = postSolution
		SolutionGuid = {EFBE29A6-BD87-4085-AFD0-982EDDFB7F04}
	EndGlobalSection
EndGlobal
